{
  "name": "wired-search-input",
  "version": "2.0.0",
  "lockfileVersion": 2,
  "requires": true,
  "packages": {
    "": {
      "name": "wired-search-input",
      "version": "2.0.0",
      "license": "MIT",
      "dependencies": {
        "@my-handicapped-pet/wired-base-legacy": "^2.0.5",
        "@my-handicapped-pet/wired-lib": "^2.0.0"
      }
    },
    "../wired-base": {
      "name": "@my-handicapped-pet/wired-base",
      "version": "2.0.5",
      "extraneous": true,
      "license": "MIT",
      "dependencies": {
        "@my-handicapped-pet/wired-lib": "^2.0.0",
        "roughjs": "^3.1.0"
      }
    },
    "../wired-base-legacy": {
      "name": "@my-handicapped-pet/wired-base-legacy",
      "version": "2.0.5",
      "license": "ISC",
      "dependencies": {
        "@my-handicapped-pet/wired-lib": "^2.0.0",
        "roughjs": "^3.1.0"
      }
    },
    "../wired-base-legacy/node_modules/@my-handicapped-pet/wired-lib": {
      "resolved": "../wired-lib",
      "link": true
    },
    "../wired-base-legacy/node_modules/roughjs": {
      "version": "3.1.0",
      "license": "MIT",
      "dependencies": {
        "workly": "^1.2.0"
      }
    },
    "../wired-base-legacy/node_modules/workly": {
      "version": "1.3.1",
      "license": "MIT"
    },
    "../wired-lib": {
      "name": "@my-handicapped-pet/wired-lib",
      "version": "2.0.0",
      "license": "MIT",
      "dependencies": {
        "lit-element": "^2.5.1",
        "roughjs": "^3.1.0"
      }
    },
    "../wired-lib/node_modules/lit-element": {
      "version": "2.5.1",
      "license": "BSD-3-Clause",
      "dependencies": {
        "lit-html": "^1.1.1"
      }
    },
    "../wired-lib/node_modules/lit-html": {
      "version": "1.4.1",
      "license": "BSD-3-Clause"
    },
    "../wired-lib/node_modules/roughjs": {
      "version": "3.1.0",
      "license": "MIT",
      "dependencies": {
        "workly": "^1.2.0"
      }
    },
    "../wired-lib/node_modules/workly": {
      "version": "1.3.1",
      "license": "MIT"
    },
    "node_modules/@my-handicapped-pet/wired-base-legacy": {
      "resolved": "../wired-base-legacy",
      "link": true
    },
    "node_modules/@my-handicapped-pet/wired-lib": {
      "resolved": "../wired-lib",
      "link": true
    }
  },
  "dependencies": {
    "@my-handicapped-pet/wired-base-legacy": {
      "version": "file:../wired-base-legacy",
      "requires": {
        "@my-handicapped-pet/wired-lib": "^2.0.0",
        "roughjs": "^3.1.0"
      },
      "dependencies": {
        "@my-handicapped-pet/wired-lib": {
          "version": "file:../wired-lib",
          "requires": {
            "lit-element": "^2.5.1",
            "roughjs": "^3.1.0"
          },
          "dependencies": {
            "lit-element": {
              "version": "2.5.1",
              "requires": {
                "lit-html": "^1.1.1"
              }
            },
            "lit-html": {
              "version": "1.4.1"
            },
            "roughjs": {
              "version": "3.1.0",
              "requires": {
                "workly": "^1.2.0"
              }
            },
            "workly": {
              "version": "1.3.1"
            }
          }
        },
        "roughjs": {
          "version": "3.1.0",
          "requires": {
            "workly": "^1.2.0"
          }
        },
        "workly": {
          "version": "1.3.1"
        }
      }
    },
    "@my-handicapped-pet/wired-lib": {
      "version": "file:../wired-lib",
      "requires": {
        "lit-element": "^2.5.1",
        "roughjs": "^3.1.0"
      },
      "dependencies": {
        "lit-element": {
          "version": "2.5.1",
          "requires": {
            "lit-html": "^1.1.1"
          }
        },
        "lit-html": {
          "version": "1.4.1"
        },
        "roughjs": {
          "version": "3.1.0",
          "requires": {
            "workly": "^1.2.0"
          }
        },
        "workly": {
          "version": "1.3.1"
        }
      }
    }
  }
}
